
Microsoft Visual Studio Solution File, Format Version 12.00
# Visual Studio Version 16
VisualStudioVersion = 16.0.31729.503
MinimumVisualStudioVersion = 10.0.40219.1
Project("{8BC9CEB8-8B4A-11D0-8D11-00A0C91BC942}") = "julia_fractal", "julia_fractal\julia_fractal.vcxproj", "{671D3E71-BDD8-47B1-89C5-7EAB25EF53AC}"
	ProjectSection(ProjectDependencies) = postProject
		{6ED07E6B-3953-497F-A0B6-684879FC267A} = {6ED07E6B-3953-497F-A0B6-684879FC267A}
	EndProjectSection
EndProject
Project("{8BC9CEB8-8B4A-11D0-8D11-00A0C91BC942}") = "assembly_calculations", "assembly_calculations\assembly_calculations.vcxproj", "{6ED07E6B-3953-497F-A0B6-684879FC267A}"
EndProject
Global
	GlobalSection(SolutionConfigurationPlatforms) = preSolution
		Debug|ARM = Debug|ARM
		Debug|ARM64 = Debug|ARM64
		Debug|x64 = Debug|x64
		Debug|x86 = Debug|x86
		Release|ARM = Release|ARM
		Release|ARM64 = Release|ARM64
		Release|x64 = Release|x64
		Release|x86 = Release|x86
	EndGlobalSection
	GlobalSection(ProjectConfigurationPlatforms) = postSolution
		{671D3E71-BDD8-47B1-89C5-7EAB25EF53AC}.Debug|ARM.ActiveCfg = Debug|ARM
		{671D3E71-BDD8-47B1-89C5-7EAB25EF53AC}.Debug|ARM.Build.0 = Debug|ARM
		{671D3E71-BDD8-47B1-89C5-7EAB25EF53AC}.Debug|ARM.Deploy.0 = Debug|ARM
		{671D3E71-BDD8-47B1-89C5-7EAB25EF53AC}.Debug|ARM64.ActiveCfg = Debug|ARM64
		{671D3E71-BDD8-47B1-89C5-7EAB25EF53AC}.Debug|ARM64.Build.0 = Debug|ARM64
		{671D3E71-BDD8-47B1-89C5-7EAB25EF53AC}.Debug|ARM64.Deploy.0 = Debug|ARM64
		{671D3E71-BDD8-47B1-89C5-7EAB25EF53AC}.Debug|x64.ActiveCfg = Debug|x64
		{671D3E71-BDD8-47B1-89C5-7EAB25EF53AC}.Debug|x64.Build.0 = Debug|x64
		{671D3E71-BDD8-47B1-89C5-7EAB25EF53AC}.Debug|x64.Deploy.0 = Debug|x64
		{671D3E71-BDD8-47B1-89C5-7EAB25EF53AC}.Debug|x86.ActiveCfg = Debug|Win32
		{671D3E71-BDD8-47B1-89C5-7EAB25EF53AC}.Debug|x86.Build.0 = Debug|Win32
		{671D3E71-BDD8-47B1-89C5-7EAB25EF53AC}.Debug|x86.Deploy.0 = Debug|Win32
		{671D3E71-BDD8-47B1-89C5-7EAB25EF53AC}.Release|ARM.ActiveCfg = Release|ARM
		{671D3E71-BDD8-47B1-89C5-7EAB25EF53AC}.Release|ARM.Build.0 = Release|ARM
		{671D3E71-BDD8-47B1-89C5-7EAB25EF53AC}.Release|ARM.Deploy.0 = Release|ARM
		{671D3E71-BDD8-47B1-89C5-7EAB25EF53AC}.Release|ARM64.ActiveCfg = Release|ARM64
		{671D3E71-BDD8-47B1-89C5-7EAB25EF53AC}.Release|ARM64.Build.0 = Release|ARM64
		{671D3E71-BDD8-47B1-89C5-7EAB25EF53AC}.Release|ARM64.Deploy.0 = Release|ARM64
		{671D3E71-BDD8-47B1-89C5-7EAB25EF53AC}.Release|x64.ActiveCfg = Release|x64
		{671D3E71-BDD8-47B1-89C5-7EAB25EF53AC}.Release|x64.Build.0 = Release|x64
		{671D3E71-BDD8-47B1-89C5-7EAB25EF53AC}.Release|x64.Deploy.0 = Release|x64
		{671D3E71-BDD8-47B1-89C5-7EAB25EF53AC}.Release|x86.ActiveCfg = Release|Win32
		{671D3E71-BDD8-47B1-89C5-7EAB25EF53AC}.Release|x86.Build.0 = Release|Win32
		{671D3E71-BDD8-47B1-89C5-7EAB25EF53AC}.Release|x86.Deploy.0 = Release|Win32
		{6ED07E6B-3953-497F-A0B6-684879FC267A}.Debug|ARM.ActiveCfg = Debug|Win32
		{6ED07E6B-3953-497F-A0B6-684879FC267A}.Debug|ARM64.ActiveCfg = Debug|Win32
		{6ED07E6B-3953-497F-A0B6-684879FC267A}.Debug|x64.ActiveCfg = Debug|x64
		{6ED07E6B-3953-497F-A0B6-684879FC267A}.Debug|x64.Build.0 = Debug|x64
		{6ED07E6B-3953-497F-A0B6-684879FC267A}.Debug|x86.ActiveCfg = Debug|Win32
		{6ED07E6B-3953-497F-A0B6-684879FC267A}.Debug|x86.Build.0 = Debug|Win32
		{6ED07E6B-3953-497F-A0B6-684879FC267A}.Release|ARM.ActiveCfg = Release|Win32
		{6ED07E6B-3953-497F-A0B6-684879FC267A}.Release|ARM64.ActiveCfg = Release|Win32
		{6ED07E6B-3953-497F-A0B6-684879FC267A}.Release|x64.ActiveCfg = Release|x64
		{6ED07E6B-3953-497F-A0B6-684879FC267A}.Release|x64.Build.0 = Release|x64
		{6ED07E6B-3953-497F-A0B6-684879FC267A}.Release|x86.ActiveCfg = Release|Win32
		{6ED07E6B-3953-497F-A0B6-684879FC267A}.Release|x86.Build.0 = Release|Win32
	EndGlobalSection
	GlobalSection(SolutionProperties) = preSolution
		HideSolutionNode = FALSE
	EndGlobalSection
	GlobalSection(ExtensibilityGlobals) = postSolution
		SolutionGuid = {7446CD8D-4FF0-48EB-8176-D78A460492F2}
	EndGlobalSection
EndGlobal
